<?xml version="1.0" encoding="utf-8"?>
<Project ToolsVersion="17.0" xmlns="http://schemas.microsoft.com/developer/msbuild/2003">
  <ItemGroup>
    <ClCompile Include="T:\github\KeyTrialPro\native\win32-core-dll\src\keytrialpro_sdk.cpp">
      <Filter>Source Files</Filter>
    </ClCompile>
  </ItemGroup>
  <ItemGroup>
    <CustomBuild Include="T:\github\KeyTrialPro\native\win32-core-dll\CMakeLists.txt" />
  </ItemGroup>
  <ItemGroup>
    <Filter Include="Source Files">
      <UniqueIdentifier>{74ED702C-2495-39FB-8C25-0BCF6150EFF2}</UniqueIdentifier>
    </Filter>
  </ItemGroup>
</Project>
